{
  "name": "personalprojects-website",
  "lockfileVersion": 2,
  "requires": true,
  "packages": {
    "": {
      "dependencies": {
        "startbootstrap-agency": "^7.0.9"
      }
    },
    "node_modules/@popperjs/core": {
      "version": "2.10.2",
      "resolved": "https://registry.npmjs.org/@popperjs/core/-/core-2.10.2.tgz",
      "integrity": "sha512-IXf3XA7+XyN7CP9gGh/XB0UxVMlvARGEgGXLubFICsUMGz6Q+DU+i4gGlpOxTjKvXjkJDJC8YdqdKkDj9qZHEQ==",
      "peer": true,
      "funding": {
        "type": "opencollective",
        "url": "https://opencollective.com/popperjs"
      }
    },
    "node_modules/bootstrap": {
      "version": "5.1.3",
      "resolved": "https://registry.npmjs.org/bootstrap/-/bootstrap-5.1.3.tgz",
      "integrity": "sha512-fcQztozJ8jToQWXxVuEyXWW+dSo8AiXWKwiSSrKWsRB/Qt+Ewwza+JWoLKiTuQLaEPhdNAJ7+Dosc9DOIqNy7Q==",
      "funding": {
        "type": "opencollective",
        "url": "https://opencollective.com/bootstrap"
      },
      "peerDependencies": {
        "@popperjs/core": "^2.10.2"
      }
    },
    "node_modules/startbootstrap-agency": {
      "version": "7.0.9",
      "resolved": "https://registry.npmjs.org/startbootstrap-agency/-/startbootstrap-agency-7.0.9.tgz",
      "integrity": "sha512-tUIheivPOQiXCpJ95Hd9uvACqddUtUwZlpydoPWeslL6tgcQF8rOL9H5JvMpBblW8QewF8MlgmQdEIn5cOs9fQ==",
      "dependencies": {
        "bootstrap": "5.1.3"
      }
    }
  },
  "dependencies": {
    "@popperjs/core": {
      "version": "2.10.2",
      "resolved": "https://registry.npmjs.org/@popperjs/core/-/core-2.10.2.tgz",
      "integrity": "sha512-IXf3XA7+XyN7CP9gGh/XB0UxVMlvARGEgGXLubFICsUMGz6Q+DU+i4gGlpOxTjKvXjkJDJC8YdqdKkDj9qZHEQ==",
      "peer": true
    },
    "bootstrap": {
      "version": "5.1.3",
      "resolved": "https://registry.npmjs.org/bootstrap/-/bootstrap-5.1.3.tgz",
      "integrity": "sha512-fcQztozJ8jToQWXxVuEyXWW+dSo8AiXWKwiSSrKWsRB/Qt+Ewwza+JWoLKiTuQLaEPhdNAJ7+Dosc9DOIqNy7Q==",
      "requires": {}
    },
    "startbootstrap-agency": {
      "version": "7.0.9",
      "resolved": "https://registry.npmjs.org/startbootstrap-agency/-/startbootstrap-agency-7.0.9.tgz",
      "integrity": "sha512-tUIheivPOQiXCpJ95Hd9uvACqddUtUwZlpydoPWeslL6tgcQF8rOL9H5JvMpBblW8QewF8MlgmQdEIn5cOs9fQ==",
      "requires": {
        "bootstrap": "5.1.3"
      }
    }
  }
}
